// !$*UTF8*$!
{
	archiveVersion = 1;
	classes = {
	};
	objectVersion = 56;
	objects = {

/* Begin PBXBuildFile section */
		D693312A2AD18AA80049CBCE /* AlertView.swift in Sources */ = {isa = PBXBuildFile; fileRef = D69331292AD18AA80049CBCE /* AlertView.swift */; };
		D6AA4FD62AD204F90096D9BB /* UserData.swift in Sources */ = {isa = PBXBuildFile; fileRef = D6AA4FD52AD204F90096D9BB /* UserData.swift */; };
		D6AA4FDA2AD205430096D9BB /* UserDataViewModel.swift in Sources */ = {isa = PBXBuildFile; fileRef = D6AA4FD92AD205430096D9BB /* UserDataViewModel.swift */; };
		D6C46CA02ACE92350090EFDD /* SwiftMacTableApp.swift in Sources */ = {isa = PBXBuildFile; fileRef = D6C46C9F2ACE92350090EFDD /* SwiftMacTableApp.swift */; };
		D6C46CA22ACE92350090EFDD /* ContentView.swift in Sources */ = {isa = PBXBuildFile; fileRef = D6C46CA12ACE92350090EFDD /* ContentView.swift */; };
		D6C46CA42ACE92370090EFDD /* Assets.xcassets in Resources */ = {isa = PBXBuildFile; fileRef = D6C46CA32ACE92370090EFDD /* Assets.xcassets */; };
		D6C46CA72ACE92370090EFDD /* Preview Assets.xcassets in Resources */ = {isa = PBXBuildFile; fileRef = D6C46CA62ACE92370090EFDD /* Preview Assets.xcassets */; };
		D6C46CB22ACE92370090EFDD /* SwiftMacTableTests.swift in Sources */ = {isa = PBXBuildFile; fileRef = D6C46CB12ACE92370090EFDD /* SwiftMacTableTests.swift */; };
		D6C46CBC2ACE92370090EFDD /* SwiftMacTableUITests.swift in Sources */ = {isa = PBXBuildFile; fileRef = D6C46CBB2ACE92370090EFDD /* SwiftMacTableUITests.swift */; };
		D6C46CBE2ACE92370090EFDD /* SwiftMacTableUITestsLaunchTests.swift in Sources */ = {isa = PBXBuildFile; fileRef = D6C46CBD2ACE92370090EFDD /* SwiftMacTableUITestsLaunchTests.swift */; };
/* End PBXBuildFile section */

/* Begin PBXContainerItemProxy section */
		D6C46CAE2ACE92370090EFDD /* PBXContainerItemProxy */ = {
			isa = PBXContainerItemProxy;
			containerPortal = D6C46C942ACE92350090EFDD /* Project object */;
			proxyType = 1;
			remoteGlobalIDString = D6C46C9B2ACE92350090EFDD;
			remoteInfo = SwiftMacTable;
		};
		D6C46CB82ACE92370090EFDD /* PBXContainerItemProxy */ = {
			isa = PBXContainerItemProxy;
			containerPortal = D6C46C942ACE92350090EFDD /* Project object */;
			proxyType = 1;
			remoteGlobalIDString = D6C46C9B2ACE92350090EFDD;
			remoteInfo = SwiftMacTable;
		};
/* End PBXContainerItemProxy section */

/* Begin PBXFileReference section */
		D69331292AD18AA80049CBCE /* AlertView.swift */ = {isa = PBXFileReference; lastKnownFileType = sourcecode.swift; path = AlertView.swift; sourceTree = "<group>"; };
		D6AA4FD52AD204F90096D9BB /* UserData.swift */ = {isa = PBXFileReference; lastKnownFileType = sourcecode.swift; path = UserData.swift; sourceTree = "<group>"; };
		D6AA4FD92AD205430096D9BB /* UserDataViewModel.swift */ = {isa = PBXFileReference; lastKnownFileType = sourcecode.swift; path = UserDataViewModel.swift; sourceTree = "<group>"; };
		D6C46C9C2ACE92350090EFDD /* SwiftMacTable.app */ = {isa = PBXFileReference; explicitFileType = wrapper.application; includeInIndex = 0; path = SwiftMacTable.app; sourceTree = BUILT_PRODUCTS_DIR; };
		D6C46C9F2ACE92350090EFDD /* SwiftMacTableApp.swift */ = {isa = PBXFileReference; lastKnownFileType = sourcecode.swift; path = SwiftMacTableApp.swift; sourceTree = "<group>"; };
		D6C46CA12ACE92350090EFDD /* ContentView.swift */ = {isa = PBXFileReference; lastKnownFileType = sourcecode.swift; path = ContentView.swift; sourceTree = "<group>"; };
		D6C46CA32ACE92370090EFDD /* Assets.xcassets */ = {isa = PBXFileReference; lastKnownFileType = folder.assetcatalog; path = Assets.xcassets; sourceTree = "<group>"; };
		D6C46CA62ACE92370090EFDD /* Preview Assets.xcassets */ = {isa = PBXFileReference; lastKnownFileType = folder.assetcatalog; path = "Preview Assets.xcassets"; sourceTree = "<group>"; };
		D6C46CA82ACE92370090EFDD /* SwiftMacTable.entitlements */ = {isa = PBXFileReference; lastKnownFileType = text.plist.entitlements; path = SwiftMacTable.entitlements; sourceTree = "<group>"; };
		D6C46CAD2ACE92370090EFDD /* SwiftMacTableTests.xctest */ = {isa = PBXFileReference; explicitFileType = wrapper.cfbundle; includeInIndex = 0; path = SwiftMacTableTests.xctest; sourceTree = BUILT_PRODUCTS_DIR; };
		D6C46CB12ACE92370090EFDD /* SwiftMacTableTests.swift */ = {isa = PBXFileReference; lastKnownFileType = sourcecode.swift; path = SwiftMacTableTests.swift; sourceTree = "<group>"; };
		D6C46CB72ACE92370090EFDD /* SwiftMacTableUITests.xctest */ = {isa = PBXFileReference; explicitFileType = wrapper.cfbundle; includeInIndex = 0; path = SwiftMacTableUITests.xctest; sourceTree = BUILT_PRODUCTS_DIR; };
		D6C46CBB2ACE92370090EFDD /* SwiftMacTableUITests.swift */ = {isa = PBXFileReference; lastKnownFileType = sourcecode.swift; path = SwiftMacTableUITests.swift; sourceTree = "<group>"; };
		D6C46CBD2ACE92370090EFDD /* SwiftMacTableUITestsLaunchTests.swift */ = {isa = PBXFileReference; lastKnownFileType = sourcecode.swift; path = SwiftMacTableUITestsLaunchTests.swift; sourceTree = "<group>"; };
/* End PBXFileReference section */

/* Begin PBXFrameworksBuildPhase section */
		D6C46C992ACE92350090EFDD /* Frameworks */ = {
			isa = PBXFrameworksBuildPhase;
			buildActionMask = 2147483647;
			files = (
			);
			runOnlyForDeploymentPostprocessing = 0;
		};
		D6C46CAA2ACE92370090EFDD /* Frameworks */ = {
			isa = PBXFrameworksBuildPhase;
			buildActionMask = 2147483647;
			files = (
			);
			runOnlyForDeploymentPostprocessing = 0;
		};
		D6C46CB42ACE92370090EFDD /* Frameworks */ = {
			isa = PBXFrameworksBuildPhase;
			buildActionMask = 2147483647;
			files = (
			);
			runOnlyForDeploymentPostprocessing = 0;
		};
/* End PBXFrameworksBuildPhase section */

/* Begin PBXGroup section */
		D6AA4FD42AD204E20096D9BB /* Model */ = {
			isa = PBXGroup;
			children = (
				D6AA4FD52AD204F90096D9BB /* UserData.swift */,
			);
			path = Model;
			sourceTree = "<group>";
		};
		D6AA4FD72AD205080096D9BB /* View */ = {
			isa = PBXGroup;
			children = (
				D6C46CA12ACE92350090EFDD /* ContentView.swift */,
				D69331292AD18AA80049CBCE /* AlertView.swift */,
			);
			path = View;
			sourceTree = "<group>";
		};
		D6AA4FD82AD205330096D9BB /* ViewModel */ = {
			isa = PBXGroup;
			children = (
				D6AA4FD92AD205430096D9BB /* UserDataViewModel.swift */,
			);
			path = ViewModel;
			sourceTree = "<group>";
		};
		D6C46C932ACE92350090EFDD = {
			isa = PBXGroup;
			children = (
				D6C46C9E2ACE92350090EFDD /* SwiftMacTable */,
				D6C46CB02ACE92370090EFDD /* SwiftMacTableTests */,
				D6C46CBA2ACE92370090EFDD /* SwiftMacTableUITests */,
				D6C46C9D2ACE92350090EFDD /* Products */,
			);
			sourceTree = "<group>";
		};
		D6C46C9D2ACE92350090EFDD /* Products */ = {
			isa = PBXGroup;
			children = (
				D6C46C9C2ACE92350090EFDD /* SwiftMacTable.app */,
				D6C46CAD2ACE92370090EFDD /* SwiftMacTableTests.xctest */,
				D6C46CB72ACE92370090EFDD /* SwiftMacTableUITests.xctest */,
			);
			name = Products;
			sourceTree = "<group>";
		};
		D6C46C9E2ACE92350090EFDD /* SwiftMacTable */ = {
			isa = PBXGroup;
			children = (
				D6AA4FD82AD205330096D9BB /* ViewModel */,
				D6AA4FD72AD205080096D9BB /* View */,
				D6AA4FD42AD204E20096D9BB /* Model */,
				D6C46C9F2ACE92350090EFDD /* SwiftMacTableApp.swift */,
				D6C46CA32ACE92370090EFDD /* Assets.xcassets */,
				D6C46CA82ACE92370090EFDD /* SwiftMacTable.entitlements */,
				D6C46CA52ACE92370090EFDD /* Preview Content */,
			);
			path = SwiftMacTable;
			sourceTree = "<group>";
		};
		D6C46CA52ACE92370090EFDD /* Preview Content */ = {
			isa = PBXGroup;
			children = (
				D6C46CA62ACE92370090EFDD /* Preview Assets.xcassets */,
			);
			path = "Preview Content";
			sourceTree = "<group>";
		};
		D6C46CB02ACE92370090EFDD /* SwiftMacTableTests */ = {
			isa = PBXGroup;
			children = (
				D6C46CB12ACE92370090EFDD /* SwiftMacTableTests.swift */,
			);
			path = SwiftMacTableTests;
			sourceTree = "<group>";
		};
		D6C46CBA2ACE92370090EFDD /* SwiftMacTableUITests */ = {
			isa = PBXGroup;
			children = (
				D6C46CBB2ACE92370090EFDD /* SwiftMacTableUITests.swift */,
				D6C46CBD2ACE92370090EFDD /* SwiftMacTableUITestsLaunchTests.swift */,
			);
			path = SwiftMacTableUITests;
			sourceTree = "<group>";
		};
/* End PBXGroup section */

/* Begin PBXNativeTarget section */
		D6C46C9B2ACE92350090EFDD /* SwiftMacTable */ = {
			isa = PBXNativeTarget;
			buildConfigurationList = D6C46CC12ACE92370090EFDD /* Build configuration list for PBXNativeTarget "SwiftMacTable" */;
			buildPhases = (
				D6C46C982ACE92350090EFDD /* Sources */,
				D6C46C992ACE92350090EFDD /* Frameworks */,
				D6C46C9A2ACE92350090EFDD /* Resources */,
			);
			buildRules = (
			);
			dependencies = (
			);
			name = SwiftMacTable;
			productName = SwiftMacTable;
			productReference = D6C46C9C2ACE92350090EFDD /* SwiftMacTable.app */;
			productType = "com.apple.product-type.application";
		};
		D6C46CAC2ACE92370090EFDD /* SwiftMacTableTests */ = {
			isa = PBXNativeTarget;
			buildConfigurationList = D6C46CC42ACE92370090EFDD /* Build configuration list for PBXNativeTarget "SwiftMacTableTests" */;
			buildPhases = (
				D6C46CA92ACE92370090EFDD /* Sources */,
				D6C46CAA2ACE92370090EFDD /* Frameworks */,
				D6C46CAB2ACE92370090EFDD /* Resources */,
			);
			buildRules = (
			);
			dependencies = (
				D6C46CAF2ACE92370090EFDD /* PBXTargetDependency */,
			);
			name = SwiftMacTableTests;
			productName = SwiftMacTableTests;
			productReference = D6C46CAD2ACE92370090EFDD /* SwiftMacTableTests.xctest */;
			productType = "com.apple.product-type.bundle.unit-test";
		};
		D6C46CB62ACE92370090EFDD /* SwiftMacTableUITests */ = {
			isa = PBXNativeTarget;
			buildConfigurationList = D6C46CC72ACE92370090EFDD /* Build configuration list for PBXNativeTarget "SwiftMacTableUITests" */;
			buildPhases = (
				D6C46CB32ACE92370090EFDD /* Sources */,
				D6C46CB42ACE92370090EFDD /* Frameworks */,
				D6C46CB52ACE92370090EFDD /* Resources */,
			);
			buildRules = (
			);
			dependencies = (
				D6C46CB92ACE92370090EFDD /* PBXTargetDependency */,
			);
			name = SwiftMacTableUITests;
			productName = SwiftMacTableUITests;
			productReference = D6C46CB72ACE92370090EFDD /* SwiftMacTableUITests.xctest */;
			productType = "com.apple.product-type.bundle.ui-testing";
		};
/* End PBXNativeTarget section */

/* Begin PBXProject section */
		D6C46C942ACE92350090EFDD /* Project object */ = {
			isa = PBXProject;
			attributes = {
				BuildIndependentTargetsInParallel = 1;
				LastSwiftUpdateCheck = 1500;
				LastUpgradeCheck = 1500;
				TargetAttributes = {
					D6C46C9B2ACE92350090EFDD = {
						CreatedOnToolsVersion = 15.0;
					};
					D6C46CAC2ACE92370090EFDD = {
						CreatedOnToolsVersion = 15.0;
						TestTargetID = D6C46C9B2ACE92350090EFDD;
					};
					D6C46CB62ACE92370090EFDD = {
						CreatedOnToolsVersion = 15.0;
						TestTargetID = D6C46C9B2ACE92350090EFDD;
					};
				};
			};
			buildConfigurationList = D6C46C972ACE92350090EFDD /* Build configuration list for PBXProject "SwiftMacTable" */;
			compatibilityVersion = "Xcode 14.0";
			developmentRegion = en;
			hasScannedForEncodings = 0;
			knownRegions = (
				en,
				Base,
			);
			mainGroup = D6C46C932ACE92350090EFDD;
			productRefGroup = D6C46C9D2ACE92350090EFDD /* Products */;
			projectDirPath = "";
			projectRoot = "";
			targets = (
				D6C46C9B2ACE92350090EFDD /* SwiftMacTable */,
				D6C46CAC2ACE92370090EFDD /* SwiftMacTableTests */,
				D6C46CB62ACE92370090EFDD /* SwiftMacTableUITests */,
			);
		};
/* End PBXProject section */

/* Begin PBXResourcesBuildPhase section */
		D6C46C9A2ACE92350090EFDD /* Resources */ = {
			isa = PBXResourcesBuildPhase;
			buildActionMask = 2147483647;
			files = (
				D6C46CA72ACE92370090EFDD /* Preview Assets.xcassets in Resources */,
				D6C46CA42ACE92370090EFDD /* Assets.xcassets in Resources */,
			);
			runOnlyForDeploymentPostprocessing = 0;
		};
		D6C46CAB2ACE92370090EFDD /* Resources */ = {
			isa = PBXResourcesBuildPhase;
			buildActionMask = 2147483647;
			files = (
			);
			runOnlyForDeploymentPostprocessing = 0;
		};
		D6C46CB52ACE92370090EFDD /* Resources */ = {
			isa = PBXResourcesBuildPhase;
			buildActionMask = 2147483647;
			files = (
			);
			runOnlyForDeploymentPostprocessing = 0;
		};
/* End PBXResourcesBuildPhase section */

/* Begin PBXSourcesBuildPhase section */
		D6C46C982ACE92350090EFDD /* Sources */ = {
			isa = PBXSourcesBuildPhase;
			buildActionMask = 2147483647;
			files = (
				D6C46CA22ACE92350090EFDD /* ContentView.swift in Sources */,
				D6C46CA02ACE92350090EFDD /* SwiftMacTableApp.swift in Sources */,
				D6AA4FD62AD204F90096D9BB /* UserData.swift in Sources */,
				D693312A2AD18AA80049CBCE /* AlertView.swift in Sources */,
				D6AA4FDA2AD205430096D9BB /* UserDataViewModel.swift in Sources */,
			);
			runOnlyForDeploymentPostprocessing = 0;
		};
		D6C46CA92ACE92370090EFDD /* Sources */ = {
			isa = PBXSourcesBuildPhase;
			buildActionMask = 2147483647;
			files = (
				D6C46CB22ACE92370090EFDD /* SwiftMacTableTests.swift in Sources */,
			);
			runOnlyForDeploymentPostprocessing = 0;
		};
		D6C46CB32ACE92370090EFDD /* Sources */ = {
			isa = PBXSourcesBuildPhase;
			buildActionMask = 2147483647;
			files = (
				D6C46CBC2ACE92370090EFDD /* SwiftMacTableUITests.swift in Sources */,
				D6C46CBE2ACE92370090EFDD /* SwiftMacTableUITestsLaunchTests.swift in Sources */,
			);
			runOnlyForDeploymentPostprocessing = 0;
		};
/* End PBXSourcesBuildPhase section */

/* Begin PBXTargetDependency section */
		D6C46CAF2ACE92370090EFDD /* PBXTargetDependency */ = {
			isa = PBXTargetDependency;
			target = D6C46C9B2ACE92350090EFDD /* SwiftMacTable */;
			targetProxy = D6C46CAE2ACE92370090EFDD /* PBXContainerItemProxy */;
		};
		D6C46CB92ACE92370090EFDD /* PBXTargetDependency */ = {
			isa = PBXTargetDependency;
			target = D6C46C9B2ACE92350090EFDD /* SwiftMacTable */;
			targetProxy = D6C46CB82ACE92370090EFDD /* PBXContainerItemProxy */;
		};
/* End PBXTargetDependency section */

/* Begin XCBuildConfiguration section */
		D6C46CBF2ACE92370090EFDD /* Debug */ = {
			isa = XCBuildConfiguration;
			buildSettings = {
				ALWAYS_SEARCH_USER_PATHS = NO;
				ASSETCATALOG_COMPILER_GENERATE_SWIFT_ASSET_SYMBOL_EXTENSIONS = YES;
				CLANG_ANALYZER_NONNULL = YES;
				CLANG_ANALYZER_NUMBER_OBJECT_CONVERSION = YES_AGGRESSIVE;
				CLANG_CXX_LANGUAGE_STANDARD = "gnu++20";
				CLANG_ENABLE_MODULES = YES;
				CLANG_ENABLE_OBJC_ARC = YES;
				CLANG_ENABLE_OBJC_WEAK = YES;
				CLANG_WARN_BLOCK_CAPTURE_AUTORELEASING = YES;
				CLANG_WARN_BOOL_CONVERSION = YES;
				CLANG_WARN_COMMA = YES;
				CLANG_WARN_CONSTANT_CONVERSION = YES;
				CLANG_WARN_DEPRECATED_OBJC_IMPLEMENTATIONS = YES;
				CLANG_WARN_DIRECT_OBJC_ISA_USAGE = YES_ERROR;
				CLANG_WARN_DOCUMENTATION_COMMENTS = YES;
				CLANG_WARN_EMPTY_BODY = YES;
				CLANG_WARN_ENUM_CONVERSION = YES;
				CLANG_WARN_INFINITE_RECURSION = YES;
				CLANG_WARN_INT_CONVERSION = YES;
				CLANG_WARN_NON_LITERAL_NULL_CONVERSION = YES;
				CLANG_WARN_OBJC_IMPLICIT_RETAIN_SELF = YES;
				CLANG_WARN_OBJC_LITERAL_CONVERSION = YES;
				CLANG_WARN_OBJC_ROOT_CLASS = YES_ERROR;
				CLANG_WARN_QUOTED_INCLUDE_IN_FRAMEWORK_HEADER = YES;
				CLANG_WARN_RANGE_LOOP_ANALYSIS = YES;
				CLANG_WARN_STRICT_PROTOTYPES = YES;
				CLANG_WARN_SUSPICIOUS_MOVE = YES;
				CLANG_WARN_UNGUARDED_AVAILABILITY = YES_AGGRESSIVE;
				CLANG_WARN_UNREACHABLE_CODE = YES;
				CLANG_WARN__DUPLICATE_METHOD_MATCH = YES;
				COPY_PHASE_STRIP = NO;
				DEBUG_INFORMATION_FORMAT = dwarf;
				ENABLE_STRICT_OBJC_MSGSEND = YES;
				ENABLE_TESTABILITY = YES;
				ENABLE_USER_SCRIPT_SANDBOXING = YES;
				GCC_C_LANGUAGE_STANDARD = gnu17;
				GCC_DYNAMIC_NO_PIC = NO;
				GCC_NO_COMMON_BLOCKS = YES;
				GCC_OPTIMIZATION_LEVEL = 0;
				GCC_PREPROCESSOR_DEFINITIONS = (
					"DEBUG=1",
					"$(inherited)",
				);
				GCC_WARN_64_TO_32_BIT_CONVERSION = YES;
				GCC_WARN_ABOUT_RETURN_TYPE = YES_ERROR;
				GCC_WARN_UNDECLARED_SELECTOR = YES;
				GCC_WARN_UNINITIALIZED_AUTOS = YES_AGGRESSIVE;
				GCC_WARN_UNUSED_FUNCTION = YES;
				GCC_WARN_UNUSED_VARIABLE = YES;
				LOCALIZATION_PREFERS_STRING_CATALOGS = YES;
				MACOSX_DEPLOYMENT_TARGET = 14.0;
				MTL_ENABLE_DEBUG_INFO = INCLUDE_SOURCE;
				MTL_FAST_MATH = YES;
				ONLY_ACTIVE_ARCH = YES;
				SDKROOT = macosx;
				SWIFT_ACTIVE_COMPILATION_CONDITIONS = "DEBUG $(inherited)";
				SWIFT_OPTIMIZATION_LEVEL = "-Onone";
			};
			name = Debug;
		};
		D6C46CC02ACE92370090EFDD /* Release */ = {
			isa = XCBuildConfiguration;
			buildSettings = {
				ALWAYS_SEARCH_USER_PATHS = NO;
				ASSETCATALOG_COMPILER_GENERATE_SWIFT_ASSET_SYMBOL_EXTENSIONS = YES;
				CLANG_ANALYZER_NONNULL = YES;
				CLANG_ANALYZER_NUMBER_OBJECT_CONVERSION = YES_AGGRESSIVE;
				CLANG_CXX_LANGUAGE_STANDARD = "gnu++20";
				CLANG_ENABLE_MODULES = YES;
				CLANG_ENABLE_OBJC_ARC = YES;
				CLANG_ENABLE_OBJC_WEAK = YES;
				CLANG_WARN_BLOCK_CAPTURE_AUTORELEASING = YES;
				CLANG_WARN_BOOL_CONVERSION = YES;
				CLANG_WARN_COMMA = YES;
				CLANG_WARN_CONSTANT_CONVERSION = YES;
				CLANG_WARN_DEPRECATED_OBJC_IMPLEMENTATIONS = YES;
				CLANG_WARN_DIRECT_OBJC_ISA_USAGE = YES_ERROR;
				CLANG_WARN_DOCUMENTATION_COMMENTS = YES;
				CLANG_WARN_EMPTY_BODY = YES;
				CLANG_WARN_ENUM_CONVERSION = YES;
				CLANG_WARN_INFINITE_RECURSION = YES;
				CLANG_WARN_INT_CONVERSION = YES;
				CLANG_WARN_NON_LITERAL_NULL_CONVERSION = YES;
				CLANG_WARN_OBJC_IMPLICIT_RETAIN_SELF = YES;
				CLANG_WARN_OBJC_LITERAL_CONVERSION = YES;
				CLANG_WARN_OBJC_ROOT_CLASS = YES_ERROR;
				CLANG_WARN_QUOTED_INCLUDE_IN_FRAMEWORK_HEADER = YES;
				CLANG_WARN_RANGE_LOOP_ANALYSIS = YES;
				CLANG_WARN_STRICT_PROTOTYPES = YES;
				CLANG_WARN_SUSPICIOUS_MOVE = YES;
				CLANG_WARN_UNGUARDED_AVAILABILITY = YES_AGGRESSIVE;
				CLANG_WARN_UNREACHABLE_CODE = YES;
				CLANG_WARN__DUPLICATE_METHOD_MATCH = YES;
				COPY_PHASE_STRIP = NO;
				DEBUG_INFORMATION_FORMAT = "dwarf-with-dsym";
				ENABLE_NS_ASSERTIONS = NO;
				ENABLE_STRICT_OBJC_MSGSEND = YES;
				ENABLE_USER_SCRIPT_SANDBOXING = YES;
				GCC_C_LANGUAGE_STANDARD = gnu17;
				GCC_NO_COMMON_BLOCKS = YES;
				GCC_WARN_64_TO_32_BIT_CONVERSION = YES;
				GCC_WARN_ABOUT_RETURN_TYPE = YES_ERROR;
				GCC_WARN_UNDECLARED_SELECTOR = YES;
				GCC_WARN_UNINITIALIZED_AUTOS = YES_AGGRESSIVE;
				GCC_WARN_UNUSED_FUNCTION = YES;
				GCC_WARN_UNUSED_VARIABLE = YES;
				LOCALIZATION_PREFERS_STRING_CATALOGS = YES;
				MACOSX_DEPLOYMENT_TARGET = 14.0;
				MTL_ENABLE_DEBUG_INFO = NO;
				MTL_FAST_MATH = YES;
				SDKROOT = macosx;
				SWIFT_COMPILATION_MODE = wholemodule;
			};
			name = Release;
		};
		D6C46CC22ACE92370090EFDD /* Debug */ = {
			isa = XCBuildConfiguration;
			buildSettings = {
				ASSETCATALOG_COMPILER_APPICON_NAME = AppIcon;
				ASSETCATALOG_COMPILER_GLOBAL_ACCENT_COLOR_NAME = AccentColor;
				CODE_SIGN_ENTITLEMENTS = SwiftMacTable/SwiftMacTable.entitlements;
				CODE_SIGN_STYLE = Automatic;
				COMBINE_HIDPI_IMAGES = YES;
				CURRENT_PROJECT_VERSION = 1;
				DEVELOPMENT_ASSET_PATHS = "\"SwiftMacTable/Preview Content\"";
				ENABLE_PREVIEWS = YES;
				GENERATE_INFOPLIST_FILE = YES;
				INFOPLIST_KEY_NSHumanReadableCopyright = "";
				LD_RUNPATH_SEARCH_PATHS = (
					"$(inherited)",
					"@executable_path/../Frameworks",
				);
				MARKETING_VERSION = 1.0;
				PRODUCT_BUNDLE_IDENTIFIER = com.swift.SwiftMacTable;
				PRODUCT_NAME = "$(TARGET_NAME)";
				SWIFT_EMIT_LOC_STRINGS = YES;
				SWIFT_VERSION = 5.0;
			};
			name = Debug;
		};
		D6C46CC32ACE92370090EFDD /* Release */ = {
			isa = XCBuildConfiguration;
			buildSettings = {
				ASSETCATALOG_COMPILER_APPICON_NAME = AppIcon;
				ASSETCATALOG_COMPILER_GLOBAL_ACCENT_COLOR_NAME = AccentColor;
				CODE_SIGN_ENTITLEMENTS = SwiftMacTable/SwiftMacTable.entitlements;
				CODE_SIGN_STYLE = Automatic;
				COMBINE_HIDPI_IMAGES = YES;
				CURRENT_PROJECT_VERSION = 1;
				DEVELOPMENT_ASSET_PATHS = "\"SwiftMacTable/Preview Content\"";
				ENABLE_PREVIEWS = YES;
				GENERATE_INFOPLIST_FILE = YES;
				INFOPLIST_KEY_NSHumanReadableCopyright = "";
				LD_RUNPATH_SEARCH_PATHS = (
					"$(inherited)",
					"@executable_path/../Frameworks",
				);
				MARKETING_VERSION = 1.0;
				PRODUCT_BUNDLE_IDENTIFIER = com.swift.SwiftMacTable;
				PRODUCT_NAME = "$(TARGET_NAME)";
				SWIFT_EMIT_LOC_STRINGS = YES;
				SWIFT_VERSION = 5.0;
			};
			name = Release;
		};
		D6C46CC52ACE92370090EFDD /* Debug */ = {
			isa = XCBuildConfiguration;
			buildSettings = {
				ALWAYS_EMBED_SWIFT_STANDARD_LIBRARIES = YES;
				BUNDLE_LOADER = "$(TEST_HOST)";
				CODE_SIGN_STYLE = Automatic;
				CURRENT_PROJECT_VERSION = 1;
				GENERATE_INFOPLIST_FILE = YES;
				MACOSX_DEPLOYMENT_TARGET = 14.0;
				MARKETING_VERSION = 1.0;
				PRODUCT_BUNDLE_IDENTIFIER = com.swift.SwiftMacTableTests;
				PRODUCT_NAME = "$(TARGET_NAME)";
				SWIFT_EMIT_LOC_STRINGS = NO;
				SWIFT_VERSION = 5.0;
				TEST_HOST = "$(BUILT_PRODUCTS_DIR)/SwiftMacTable.app/$(BUNDLE_EXECUTABLE_FOLDER_PATH)/SwiftMacTable";
			};
			name = Debug;
		};
		D6C46CC62ACE92370090EFDD /* Release */ = {
			isa = XCBuildConfiguration;
			buildSettings = {
				ALWAYS_EMBED_SWIFT_STANDARD_LIBRARIES = YES;
				BUNDLE_LOADER = "$(TEST_HOST)";
				CODE_SIGN_STYLE = Automatic;
				CURRENT_PROJECT_VERSION = 1;
				GENERATE_INFOPLIST_FILE = YES;
				MACOSX_DEPLOYMENT_TARGET = 14.0;
				MARKETING_VERSION = 1.0;
				PRODUCT_BUNDLE_IDENTIFIER = com.swift.SwiftMacTableTests;
				PRODUCT_NAME = "$(TARGET_NAME)";
				SWIFT_EMIT_LOC_STRINGS = NO;
				SWIFT_VERSION = 5.0;
				TEST_HOST = "$(BUILT_PRODUCTS_DIR)/SwiftMacTable.app/$(BUNDLE_EXECUTABLE_FOLDER_PATH)/SwiftMacTable";
			};
			name = Release;
		};
		D6C46CC82ACE92370090EFDD /* Debug */ = {
			isa = XCBuildConfiguration;
			buildSettings = {
				ALWAYS_EMBED_SWIFT_STANDARD_LIBRARIES = YES;
				CODE_SIGN_STYLE = Automatic;
				CURRENT_PROJECT_VERSION = 1;
				GENERATE_INFOPLIST_FILE = YES;
				MARKETING_VERSION = 1.0;
				PRODUCT_BUNDLE_IDENTIFIER = com.swift.SwiftMacTableUITests;
				PRODUCT_NAME = "$(TARGET_NAME)";
				SWIFT_EMIT_LOC_STRINGS = NO;
				SWIFT_VERSION = 5.0;
				TEST_TARGET_NAME = SwiftMacTable;
			};
			name = Debug;
		};
		D6C46CC92ACE92370090EFDD /* Release */ = {
			isa = XCBuildConfiguration;
			buildSettings = {
				ALWAYS_EMBED_SWIFT_STANDARD_LIBRARIES = YES;
				CODE_SIGN_STYLE = Automatic;
				CURRENT_PROJECT_VERSION = 1;
				GENERATE_INFOPLIST_FILE = YES;
				MARKETING_VERSION = 1.0;
				PRODUCT_BUNDLE_IDENTIFIER = com.swift.SwiftMacTableUITests;
				PRODUCT_NAME = "$(TARGET_NAME)";
				SWIFT_EMIT_LOC_STRINGS = NO;
				SWIFT_VERSION = 5.0;
				TEST_TARGET_NAME = SwiftMacTable;
			};
			name = Release;
		};
/* End XCBuildConfiguration section */

/* Begin XCConfigurationList section */
		D6C46C972ACE92350090EFDD /* Build configuration list for PBXProject "SwiftMacTable" */ = {
			isa = XCConfigurationList;
			buildConfigurations = (
				D6C46CBF2ACE92370090EFDD /* Debug */,
				D6C46CC02ACE92370090EFDD /* Release */,
			);
			defaultConfigurationIsVisible = 0;
			defaultConfigurationName = Release;
		};
		D6C46CC12ACE92370090EFDD /* Build configuration list for PBXNativeTarget "SwiftMacTable" */ = {
			isa = XCConfigurationList;
			buildConfigurations = (
				D6C46CC22ACE92370090EFDD /* Debug */,
				D6C46CC32ACE92370090EFDD /* Release */,
			);
			defaultConfigurationIsVisible = 0;
			defaultConfigurationName = Release;
		};
		D6C46CC42ACE92370090EFDD /* Build configuration list for PBXNativeTarget "SwiftMacTableTests" */ = {
			isa = XCConfigurationList;
			buildConfigurations = (
				D6C46CC52ACE92370090EFDD /* Debug */,
				D6C46CC62ACE92370090EFDD /* Release */,
			);
			defaultConfigurationIsVisible = 0;
			defaultConfigurationName = Release;
		};
		D6C46CC72ACE92370090EFDD /* Build configuration list for PBXNativeTarget "SwiftMacTableUITests" */ = {
			isa = XCConfigurationList;
			buildConfigurations = (
				D6C46CC82ACE92370090EFDD /* Debug */,
				D6C46CC92ACE92370090EFDD /* Release */,
			);
			defaultConfigurationIsVisible = 0;
			defaultConfigurationName = Release;
		};
/* End XCConfigurationList section */
	};
	rootObject = D6C46C942ACE92350090EFDD /* Project object */;
}
